// !$*UTF8*$!
{
	archiveVersion = 1;
	classes = {
	};
	objectVersion = 56;
	objects = {

/* Begin PBXBuildFile section */
		10598AB729D4AD95008671BB /* SwiftUIBasics2App.swift in Sources */ = {isa = PBXBuildFile; fileRef = 10598AB629D4AD95008671BB /* SwiftUIBasics2App.swift */; };
		10598AB929D4AD95008671BB /* ContentView.swift in Sources */ = {isa = PBXBuildFile; fileRef = 10598AB829D4AD95008671BB /* ContentView.swift */; };
		10598ABB29D4AD96008671BB /* Assets.xcassets in Resources */ = {isa = PBXBuildFile; fileRef = 10598ABA29D4AD96008671BB /* Assets.xcassets */; };
		10598ABE29D4AD96008671BB /* Preview Assets.xcassets in Resources */ = {isa = PBXBuildFile; fileRef = 10598ABD29D4AD96008671BB /* Preview Assets.xcassets */; };
		10598AC529D4AEA3008671BB /* PopularView.swift in Sources */ = {isa = PBXBuildFile; fileRef = 10598AC429D4AEA3008671BB /* PopularView.swift */; };
		10598AC729D4AFFE008671BB /* MoviesView.swift in Sources */ = {isa = PBXBuildFile; fileRef = 10598AC629D4AFFE008671BB /* MoviesView.swift */; };
		10598AC929D4B176008671BB /* MovieDetailsView.swift in Sources */ = {isa = PBXBuildFile; fileRef = 10598AC829D4B176008671BB /* MovieDetailsView.swift */; };
		10598ACB29D4C880008671BB /* Mock.swift in Sources */ = {isa = PBXBuildFile; fileRef = 10598ACA29D4C880008671BB /* Mock.swift */; };
		10598ACD29D4DD43008671BB /* Movie.swift in Sources */ = {isa = PBXBuildFile; fileRef = 10598ACC29D4DD43008671BB /* Movie.swift */; };
/* End PBXBuildFile section */

/* Begin PBXFileReference section */
		10598AB329D4AD95008671BB /* SwiftUIBasics2.app */ = {isa = PBXFileReference; explicitFileType = wrapper.application; includeInIndex = 0; path = SwiftUIBasics2.app; sourceTree = BUILT_PRODUCTS_DIR; };
		10598AB629D4AD95008671BB /* SwiftUIBasics2App.swift */ = {isa = PBXFileReference; lastKnownFileType = sourcecode.swift; path = SwiftUIBasics2App.swift; sourceTree = "<group>"; };
		10598AB829D4AD95008671BB /* ContentView.swift */ = {isa = PBXFileReference; lastKnownFileType = sourcecode.swift; path = ContentView.swift; sourceTree = "<group>"; };
		10598ABA29D4AD96008671BB /* Assets.xcassets */ = {isa = PBXFileReference; lastKnownFileType = folder.assetcatalog; path = Assets.xcassets; sourceTree = "<group>"; };
		10598ABD29D4AD96008671BB /* Preview Assets.xcassets */ = {isa = PBXFileReference; lastKnownFileType = folder.assetcatalog; path = "Preview Assets.xcassets"; sourceTree = "<group>"; };
		10598AC429D4AEA3008671BB /* PopularView.swift */ = {isa = PBXFileReference; lastKnownFileType = sourcecode.swift; path = PopularView.swift; sourceTree = "<group>"; };
		10598AC629D4AFFE008671BB /* MoviesView.swift */ = {isa = PBXFileReference; lastKnownFileType = sourcecode.swift; path = MoviesView.swift; sourceTree = "<group>"; };
		10598AC829D4B176008671BB /* MovieDetailsView.swift */ = {isa = PBXFileReference; lastKnownFileType = sourcecode.swift; path = MovieDetailsView.swift; sourceTree = "<group>"; };
		10598ACA29D4C880008671BB /* Mock.swift */ = {isa = PBXFileReference; lastKnownFileType = sourcecode.swift; path = Mock.swift; sourceTree = "<group>"; };
		10598ACC29D4DD43008671BB /* Movie.swift */ = {isa = PBXFileReference; lastKnownFileType = sourcecode.swift; path = Movie.swift; sourceTree = "<group>"; };
/* End PBXFileReference section */

/* Begin PBXFrameworksBuildPhase section */
		10598AB029D4AD95008671BB /* Frameworks */ = {
			isa = PBXFrameworksBuildPhase;
			buildActionMask = 2147483647;
			files = (
			);
			runOnlyForDeploymentPostprocessing = 0;
		};
/* End PBXFrameworksBuildPhase section */

/* Begin PBXGroup section */
		10598AAA29D4AD95008671BB = {
			isa = PBXGroup;
			children = (
				10598AB529D4AD95008671BB /* SwiftUIBasics2 */,
				10598AB429D4AD95008671BB /* Products */,
			);
			sourceTree = "<group>";
		};
		10598AB429D4AD95008671BB /* Products */ = {
			isa = PBXGroup;
			children = (
				10598AB329D4AD95008671BB /* SwiftUIBasics2.app */,
			);
			name = Products;
			sourceTree = "<group>";
		};
		10598AB529D4AD95008671BB /* SwiftUIBasics2 */ = {
			isa = PBXGroup;
			children = (
				10598AB629D4AD95008671BB /* SwiftUIBasics2App.swift */,
				10598AB829D4AD95008671BB /* ContentView.swift */,
				10598ACC29D4DD43008671BB /* Movie.swift */,
				10598ACA29D4C880008671BB /* Mock.swift */,
				10598AC829D4B176008671BB /* MovieDetailsView.swift */,
				10598AC629D4AFFE008671BB /* MoviesView.swift */,
				10598AC429D4AEA3008671BB /* PopularView.swift */,
				10598ABA29D4AD96008671BB /* Assets.xcassets */,
				10598ABC29D4AD96008671BB /* Preview Content */,
			);
			path = SwiftUIBasics2;
			sourceTree = "<group>";
		};
		10598ABC29D4AD96008671BB /* Preview Content */ = {
			isa = PBXGroup;
			children = (
				10598ABD29D4AD96008671BB /* Preview Assets.xcassets */,
			);
			path = "Preview Content";
			sourceTree = "<group>";
		};
/* End PBXGroup section */

/* Begin PBXNativeTarget section */
		10598AB229D4AD95008671BB /* SwiftUIBasics2 */ = {
			isa = PBXNativeTarget;
			buildConfigurationList = 10598AC129D4AD96008671BB /* Build configuration list for PBXNativeTarget "SwiftUIBasics2" */;
			buildPhases = (
				10598AAF29D4AD95008671BB /* Sources */,
				10598AB029D4AD95008671BB /* Frameworks */,
				10598AB129D4AD95008671BB /* Resources */,
			);
			buildRules = (
			);
			dependencies = (
			);
			name = SwiftUIBasics2;
			productName = SwiftUIBasics2;
			productReference = 10598AB329D4AD95008671BB /* SwiftUIBasics2.app */;
			productType = "com.apple.product-type.application";
		};
/* End PBXNativeTarget section */

/* Begin PBXProject section */
		10598AAB29D4AD95008671BB /* Project object */ = {
			isa = PBXProject;
			attributes = {
				BuildIndependentTargetsInParallel = 1;
				LastSwiftUpdateCheck = 1420;
				LastUpgradeCheck = 1420;
				TargetAttributes = {
					10598AB229D4AD95008671BB = {
						CreatedOnToolsVersion = 14.2;
					};
				};
			};
			buildConfigurationList = 10598AAE29D4AD95008671BB /* Build configuration list for PBXProject "SwiftUIBasics2" */;
			compatibilityVersion = "Xcode 14.0";
			developmentRegion = en;
			hasScannedForEncodings = 0;
			knownRegions = (
				en,
				Base,
			);
			mainGroup = 10598AAA29D4AD95008671BB;
			productRefGroup = 10598AB429D4AD95008671BB /* Products */;
			projectDirPath = "";
			projectRoot = "";
			targets = (
				10598AB229D4AD95008671BB /* SwiftUIBasics2 */,
			);
		};
/* End PBXProject section */

/* Begin PBXResourcesBuildPhase section */
		10598AB129D4AD95008671BB /* Resources */ = {
			isa = PBXResourcesBuildPhase;
			buildActionMask = 2147483647;
			files = (
				10598ABE29D4AD96008671BB /* Preview Assets.xcassets in Resources */,
				10598ABB29D4AD96008671BB /* Assets.xcassets in Resources */,
			);
			runOnlyForDeploymentPostprocessing = 0;
		};
/* End PBXResourcesBuildPhase section */

/* Begin PBXSourcesBuildPhase section */
		10598AAF29D4AD95008671BB /* Sources */ = {
			isa = PBXSourcesBuildPhase;
			buildActionMask = 2147483647;
			files = (
				10598ACD29D4DD43008671BB /* Movie.swift in Sources */,
				10598AB929D4AD95008671BB /* ContentView.swift in Sources */,
				10598AC729D4AFFE008671BB /* MoviesView.swift in Sources */,
				10598AC529D4AEA3008671BB /* PopularView.swift in Sources */,
				10598AB729D4AD95008671BB /* SwiftUIBasics2App.swift in Sources */,
				10598AC929D4B176008671BB /* MovieDetailsView.swift in Sources */,
				10598ACB29D4C880008671BB /* Mock.swift in Sources */,
			);
			runOnlyForDeploymentPostprocessing = 0;
		};
/* End PBXSourcesBuildPhase section */

/* Begin XCBuildConfiguration section */
		10598ABF29D4AD96008671BB /* Debug */ = {
			isa = XCBuildConfiguration;
			buildSettings = {
				ALWAYS_SEARCH_USER_PATHS = NO;
				CLANG_ANALYZER_NONNULL = YES;
				CLANG_ANALYZER_NUMBER_OBJECT_CONVERSION = YES_AGGRESSIVE;
				CLANG_CXX_LANGUAGE_STANDARD = "gnu++20";
				CLANG_ENABLE_MODULES = YES;
				CLANG_ENABLE_OBJC_ARC = YES;
				CLANG_ENABLE_OBJC_WEAK = YES;
				CLANG_WARN_BLOCK_CAPTURE_AUTORELEASING = YES;
				CLANG_WARN_BOOL_CONVERSION = YES;
				CLANG_WARN_COMMA = YES;
				CLANG_WARN_CONSTANT_CONVERSION = YES;
				CLANG_WARN_DEPRECATED_OBJC_IMPLEMENTATIONS = YES;
				CLANG_WARN_DIRECT_OBJC_ISA_USAGE = YES_ERROR;
				CLANG_WARN_DOCUMENTATION_COMMENTS = YES;
				CLANG_WARN_EMPTY_BODY = YES;
				CLANG_WARN_ENUM_CONVERSION = YES;
				CLANG_WARN_INFINITE_RECURSION = YES;
				CLANG_WARN_INT_CONVERSION = YES;
				CLANG_WARN_NON_LITERAL_NULL_CONVERSION = YES;
				CLANG_WARN_OBJC_IMPLICIT_RETAIN_SELF = YES;
				CLANG_WARN_OBJC_LITERAL_CONVERSION = YES;
				CLANG_WARN_OBJC_ROOT_CLASS = YES_ERROR;
				CLANG_WARN_QUOTED_INCLUDE_IN_FRAMEWORK_HEADER = YES;
				CLANG_WARN_RANGE_LOOP_ANALYSIS = YES;
				CLANG_WARN_STRICT_PROTOTYPES = YES;
				CLANG_WARN_SUSPICIOUS_MOVE = YES;
				CLANG_WARN_UNGUARDED_AVAILABILITY = YES_AGGRESSIVE;
				CLANG_WARN_UNREACHABLE_CODE = YES;
				CLANG_WARN__DUPLICATE_METHOD_MATCH = YES;
				COPY_PHASE_STRIP = NO;
				DEBUG_INFORMATION_FORMAT = dwarf;
				ENABLE_STRICT_OBJC_MSGSEND = YES;
				ENABLE_TESTABILITY = YES;
				GCC_C_LANGUAGE_STANDARD = gnu11;
				GCC_DYNAMIC_NO_PIC = NO;
				GCC_NO_COMMON_BLOCKS = YES;
				GCC_OPTIMIZATION_LEVEL = 0;
				GCC_PREPROCESSOR_DEFINITIONS = (
					"DEBUG=1",
					"$(inherited)",
				);
				GCC_WARN_64_TO_32_BIT_CONVERSION = YES;
				GCC_WARN_ABOUT_RETURN_TYPE = YES_ERROR;
				GCC_WARN_UNDECLARED_SELECTOR = YES;
				GCC_WARN_UNINITIALIZED_AUTOS = YES_AGGRESSIVE;
				GCC_WARN_UNUSED_FUNCTION = YES;
				GCC_WARN_UNUSED_VARIABLE = YES;
				IPHONEOS_DEPLOYMENT_TARGET = 16.2;
				MTL_ENABLE_DEBUG_INFO = INCLUDE_SOURCE;
				MTL_FAST_MATH = YES;
				ONLY_ACTIVE_ARCH = YES;
				SDKROOT = iphoneos;
				SWIFT_ACTIVE_COMPILATION_CONDITIONS = DEBUG;
				SWIFT_OPTIMIZATION_LEVEL = "-Onone";
			};
			name = Debug;
		};
		10598AC029D4AD96008671BB /* Release */ = {
			isa = XCBuildConfiguration;
			buildSettings = {
				ALWAYS_SEARCH_USER_PATHS = NO;
				CLANG_ANALYZER_NONNULL = YES;
				CLANG_ANALYZER_NUMBER_OBJECT_CONVERSION = YES_AGGRESSIVE;
				CLANG_CXX_LANGUAGE_STANDARD = "gnu++20";
				CLANG_ENABLE_MODULES = YES;
				CLANG_ENABLE_OBJC_ARC = YES;
				CLANG_ENABLE_OBJC_WEAK = YES;
				CLANG_WARN_BLOCK_CAPTURE_AUTORELEASING = YES;
				CLANG_WARN_BOOL_CONVERSION = YES;
				CLANG_WARN_COMMA = YES;
				CLANG_WARN_CONSTANT_CONVERSION = YES;
				CLANG_WARN_DEPRECATED_OBJC_IMPLEMENTATIONS = YES;
				CLANG_WARN_DIRECT_OBJC_ISA_USAGE = YES_ERROR;
				CLANG_WARN_DOCUMENTATION_COMMENTS = YES;
				CLANG_WARN_EMPTY_BODY = YES;
				CLANG_WARN_ENUM_CONVERSION = YES;
				CLANG_WARN_INFINITE_RECURSION = YES;
				CLANG_WARN_INT_CONVERSION = YES;
				CLANG_WARN_NON_LITERAL_NULL_CONVERSION = YES;
				CLANG_WARN_OBJC_IMPLICIT_RETAIN_SELF = YES;
				CLANG_WARN_OBJC_LITERAL_CONVERSION = YES;
				CLANG_WARN_OBJC_ROOT_CLASS = YES_ERROR;
				CLANG_WARN_QUOTED_INCLUDE_IN_FRAMEWORK_HEADER = YES;
				CLANG_WARN_RANGE_LOOP_ANALYSIS = YES;
				CLANG_WARN_STRICT_PROTOTYPES = YES;
				CLANG_WARN_SUSPICIOUS_MOVE = YES;
				CLANG_WARN_UNGUARDED_AVAILABILITY = YES_AGGRESSIVE;
				CLANG_WARN_UNREACHABLE_CODE = YES;
				CLANG_WARN__DUPLICATE_METHOD_MATCH = YES;
				COPY_PHASE_STRIP = NO;
				DEBUG_INFORMATION_FORMAT = "dwarf-with-dsym";
				ENABLE_NS_ASSERTIONS = NO;
				ENABLE_STRICT_OBJC_MSGSEND = YES;
				GCC_C_LANGUAGE_STANDARD = gnu11;
				GCC_NO_COMMON_BLOCKS = YES;
				GCC_WARN_64_TO_32_BIT_CONVERSION = YES;
				GCC_WARN_ABOUT_RETURN_TYPE = YES_ERROR;
				GCC_WARN_UNDECLARED_SELECTOR = YES;
				GCC_WARN_UNINITIALIZED_AUTOS = YES_AGGRESSIVE;
				GCC_WARN_UNUSED_FUNCTION = YES;
				GCC_WARN_UNUSED_VARIABLE = YES;
				IPHONEOS_DEPLOYMENT_TARGET = 16.2;
				MTL_ENABLE_DEBUG_INFO = NO;
				MTL_FAST_MATH = YES;
				SDKROOT = iphoneos;
				SWIFT_COMPILATION_MODE = wholemodule;
				SWIFT_OPTIMIZATION_LEVEL = "-O";
				VALIDATE_PRODUCT = YES;
			};
			name = Release;
		};
		10598AC229D4AD96008671BB /* Debug */ = {
			isa = XCBuildConfiguration;
			buildSettings = {
				ASSETCATALOG_COMPILER_APPICON_NAME = AppIcon;
				ASSETCATALOG_COMPILER_GLOBAL_ACCENT_COLOR_NAME = AccentColor;
				CODE_SIGN_STYLE = Automatic;
				CURRENT_PROJECT_VERSION = 1;
				DEVELOPMENT_ASSET_PATHS = "\"SwiftUIBasics2/Preview Content\"";
				DEVELOPMENT_TEAM = H592S5D4MR;
				ENABLE_PREVIEWS = YES;
				GENERATE_INFOPLIST_FILE = YES;
				INFOPLIST_KEY_UIApplicationSceneManifest_Generation = YES;
				INFOPLIST_KEY_UIApplicationSupportsIndirectInputEvents = YES;
				INFOPLIST_KEY_UILaunchScreen_Generation = YES;
				INFOPLIST_KEY_UISupportedInterfaceOrientations_iPad = "UIInterfaceOrientationPortrait UIInterfaceOrientationPortraitUpsideDown UIInterfaceOrientationLandscapeLeft UIInterfaceOrientationLandscapeRight";
				INFOPLIST_KEY_UISupportedInterfaceOrientations_iPhone = "UIInterfaceOrientationPortrait UIInterfaceOrientationLandscapeLeft UIInterfaceOrientationLandscapeRight";
				LD_RUNPATH_SEARCH_PATHS = (
					"$(inherited)",
					"@executable_path/Frameworks",
				);
				MARKETING_VERSION = 1.0;
				PRODUCT_BUNDLE_IDENTIFIER = com.luccaclaus.SwiftUIBasics2;
				PRODUCT_NAME = "$(TARGET_NAME)";
				SWIFT_EMIT_LOC_STRINGS = YES;
				SWIFT_VERSION = 5.0;
				TARGETED_DEVICE_FAMILY = "1,2";
			};
			name = Debug;
		};
		10598AC329D4AD96008671BB /* Release */ = {
			isa = XCBuildConfiguration;
			buildSettings = {
				ASSETCATALOG_COMPILER_APPICON_NAME = AppIcon;
				ASSETCATALOG_COMPILER_GLOBAL_ACCENT_COLOR_NAME = AccentColor;
				CODE_SIGN_STYLE = Automatic;
				CURRENT_PROJECT_VERSION = 1;
				DEVELOPMENT_ASSET_PATHS = "\"SwiftUIBasics2/Preview Content\"";
				DEVELOPMENT_TEAM = H592S5D4MR;
				ENABLE_PREVIEWS = YES;
				GENERATE_INFOPLIST_FILE = YES;
				INFOPLIST_KEY_UIApplicationSceneManifest_Generation = YES;
				INFOPLIST_KEY_UIApplicationSupportsIndirectInputEvents = YES;
				INFOPLIST_KEY_UILaunchScreen_Generation = YES;
				INFOPLIST_KEY_UISupportedInterfaceOrientations_iPad = "UIInterfaceOrientationPortrait UIInterfaceOrientationPortraitUpsideDown UIInterfaceOrientationLandscapeLeft UIInterfaceOrientationLandscapeRight";
				INFOPLIST_KEY_UISupportedInterfaceOrientations_iPhone = "UIInterfaceOrientationPortrait UIInterfaceOrientationLandscapeLeft UIInterfaceOrientationLandscapeRight";
				LD_RUNPATH_SEARCH_PATHS = (
					"$(inherited)",
					"@executable_path/Frameworks",
				);
				MARKETING_VERSION = 1.0;
				PRODUCT_BUNDLE_IDENTIFIER = com.luccaclaus.SwiftUIBasics2;
				PRODUCT_NAME = "$(TARGET_NAME)";
				SWIFT_EMIT_LOC_STRINGS = YES;
				SWIFT_VERSION = 5.0;
				TARGETED_DEVICE_FAMILY = "1,2";
			};
			name = Release;
		};
/* End XCBuildConfiguration section */

/* Begin XCConfigurationList section */
		10598AAE29D4AD95008671BB /* Build configuration list for PBXProject "SwiftUIBasics2" */ = {
			isa = XCConfigurationList;
			buildConfigurations = (
				10598ABF29D4AD96008671BB /* Debug */,
				10598AC029D4AD96008671BB /* Release */,
			);
			defaultConfigurationIsVisible = 0;
			defaultConfigurationName = Release;
		};
		10598AC129D4AD96008671BB /* Build configuration list for PBXNativeTarget "SwiftUIBasics2" */ = {
			isa = XCConfigurationList;
			buildConfigurations = (
				10598AC229D4AD96008671BB /* Debug */,
				10598AC329D4AD96008671BB /* Release */,
			);
			defaultConfigurationIsVisible = 0;
			defaultConfigurationName = Release;
		};
/* End XCConfigurationList section */
	};
	rootObject = 10598AAB29D4AD95008671BB /* Project object */;
}
